<?xml version="1.0" encoding="utf-8"?>
<Project ToolsVersion="4.0" xmlns="http://schemas.microsoft.com/developer/msbuild/2003">
  <ItemGroup>
    <Filter Include="소스 파일">
      <UniqueIdentifier>{4FC737F1-C7A5-4376-A066-2A32D752A2FF}</UniqueIdentifier>
      <Extensions>cpp;c;cc;cxx;def;odl;idl;hpj;bat;asm;asmx</Extensions>
    </Filter>
    <Filter Include="리소스 파일">
      <UniqueIdentifier>{67DA6AB6-F800-4c08-8B7A-83BB121AAD01}</UniqueIdentifier>
      <Extensions>rc;ico;cur;bmp;dlg;rc2;rct;bin;rgs;gif;jpg;jpeg;jpe;resx;tiff;tif;png;wav;mfcribbon-ms</Extensions>
    </Filter>
    <Filter Include="소스 파일\02. Object">
      <UniqueIdentifier>{32638a31-787c-431a-bce0-8104fb27c28e}</UniqueIdentifier>
    </Filter>
    <Filter Include="소스 파일\01. MainUpdate">
      <UniqueIdentifier>{1b587f06-0657-4010-bdd3-9090e3d78500}</UniqueIdentifier>
    </Filter>
    <Filter Include="소스 파일\99. Manager">
      <UniqueIdentifier>{985b547e-d8df-4def-b329-0883e9e35401}</UniqueIdentifier>
    </Filter>
    <Filter Include="소스 파일\03. Scene">
      <UniqueIdentifier>{5f4a19ed-dc98-4284-854c-44780fa0a1aa}</UniqueIdentifier>
    </Filter>
    <Filter Include="소스 파일\02. Object\Bullet">
      <UniqueIdentifier>{6dae36f0-ce93-4428-bb67-bf468356e0cd}</UniqueIdentifier>
    </Filter>
    <Filter Include="소스 파일\02. Object\Player">
      <UniqueIdentifier>{795a2618-b50a-4068-9a84-26f27446c2d0}</UniqueIdentifier>
    </Filter>
    <Filter Include="소스 파일\02. Object\Monster">
      <UniqueIdentifier>{fd2bbcca-9899-4c61-a4b1-bc5014e97176}</UniqueIdentifier>
    </Filter>
    <Filter Include="소스 파일\03. Scene\Logo">
      <UniqueIdentifier>{a4f84935-932c-4bed-ba8c-f4f91a62cbff}</UniqueIdentifier>
    </Filter>
    <Filter Include="소스 파일\03. Scene\Menu">
      <UniqueIdentifier>{855d4804-ce3e-44cb-8f9c-444f40104ba5}</UniqueIdentifier>
    </Filter>
    <Filter Include="소스 파일\03. Scene\Stage">
      <UniqueIdentifier>{9f6dda67-e33c-4d77-9cd5-d359991d2e8c}</UniqueIdentifier>
    </Filter>
    <Filter Include="소스 파일\99. Manager\ObjectManager">
      <UniqueIdentifier>{a0ea2aba-a8e3-4515-9578-87646e01e71b}</UniqueIdentifier>
    </Filter>
    <Filter Include="소스 파일\99. Manager\InputManager">
      <UniqueIdentifier>{047f6999-2403-4031-a48e-4b3f4081ad98}</UniqueIdentifier>
    </Filter>
    <Filter Include="소스 파일\99. Manager\DoubleBuffer">
      <UniqueIdentifier>{0b164891-a874-461f-b27e-e61d736b345d}</UniqueIdentifier>
    </Filter>
    <Filter Include="소스 파일\99. Manager\ObjectFactory">
      <UniqueIdentifier>{46dff8ff-6900-45b4-bed3-9f2aa2d39de3}</UniqueIdentifier>
    </Filter>
    <Filter Include="소스 파일\99. Manager\SceneManager">
      <UniqueIdentifier>{d830d8e6-0b57-47ac-9257-723d4cb4eff9}</UniqueIdentifier>
    </Filter>
    <Filter Include="소스 파일\02. Object\Wall">
      <UniqueIdentifier>{a2f0f327-eede-404f-8d87-2833277df85a}</UniqueIdentifier>
    </Filter>
    <Filter Include="소스 파일\02. Object\Portal">
      <UniqueIdentifier>{c1eb8727-a965-40dd-92e2-2a2a57c43707}</UniqueIdentifier>
    </Filter>
    <Filter Include="소스 파일\03. Scene\Clear">
      <UniqueIdentifier>{e1c19d96-e5e8-449e-9f1e-bc59188cdbcc}</UniqueIdentifier>
    </Filter>
    <Filter Include="소스 파일\03. Scene\Option">
      <UniqueIdentifier>{45374047-69ac-4c2b-bcc4-796bd01cce0d}</UniqueIdentifier>
    </Filter>
    <Filter Include="소스 파일\03. Scene\About">
      <UniqueIdentifier>{1b29e161-ba85-43fd-8829-fecfbd88aaf9}</UniqueIdentifier>
    </Filter>
    <Filter Include="헤더 파일">
      <UniqueIdentifier>{93995380-89BD-4b04-88EB-625FBE52EBFB}</UniqueIdentifier>
      <Extensions>h;hh;hpp;hxx;hm;inl;inc;ipp;xsd</Extensions>
    </Filter>
    <Filter Include="헤더 파일\Include">
      <UniqueIdentifier>{e9a4e594-300b-4c1a-b976-d534a0c277cd}</UniqueIdentifier>
    </Filter>
  </ItemGroup>
  <ItemGroup>
    <ClCompile Include="Main.cpp">
      <Filter>소스 파일</Filter>
    </ClCompile>
    <ClCompile Include="MainUpdate.cpp">
      <Filter>소스 파일\01. MainUpdate</Filter>
    </ClCompile>
    <ClCompile Include="Object.cpp">
      <Filter>소스 파일\02. Object</Filter>
    </ClCompile>
    <ClCompile Include="Scene.cpp">
      <Filter>소스 파일\03. Scene</Filter>
    </ClCompile>
    <ClCompile Include="Logo.cpp">
      <Filter>소스 파일\03. Scene\Logo</Filter>
    </ClCompile>
    <ClCompile Include="Menu.cpp">
      <Filter>소스 파일\03. Scene\Menu</Filter>
    </ClCompile>
    <ClCompile Include="Stage.cpp">
      <Filter>소스 파일\03. Scene\Stage</Filter>
    </ClCompile>
    <ClCompile Include="Bullet.cpp">
      <Filter>소스 파일\02. Object\Bullet</Filter>
    </ClCompile>
    <ClCompile Include="Monster.cpp">
      <Filter>소스 파일\02. Object\Monster</Filter>
    </ClCompile>
    <ClCompile Include="Player.cpp">
      <Filter>소스 파일\02. Object\Player</Filter>
    </ClCompile>
    <ClCompile Include="InputManager.cpp">
      <Filter>소스 파일\99. Manager\InputManager</Filter>
    </ClCompile>
    <ClCompile Include="ObjectManager.cpp">
      <Filter>소스 파일\99. Manager\ObjectManager</Filter>
    </ClCompile>
    <ClCompile Include="SceneManager.cpp">
      <Filter>소스 파일\99. Manager\SceneManager</Filter>
    </ClCompile>
    <ClCompile Include="DoubleBuffer.cpp">
      <Filter>소스 파일\99. Manager\DoubleBuffer</Filter>
    </ClCompile>
    <ClCompile Include="Wall.cpp">
      <Filter>소스 파일\02. Object\Wall</Filter>
    </ClCompile>
    <ClCompile Include="Portal.cpp">
      <Filter>소스 파일\02. Object\Portal</Filter>
    </ClCompile>
    <ClCompile Include="Clear.cpp">
      <Filter>소스 파일\03. Scene\Clear</Filter>
    </ClCompile>
    <ClCompile Include="Option.cpp">
      <Filter>소스 파일\03. Scene\Option</Filter>
    </ClCompile>
    <ClCompile Include="About.cpp">
      <Filter>소스 파일\03. Scene\About</Filter>
    </ClCompile>
  </ItemGroup>
  <ItemGroup>
    <ClInclude Include="MainUpdate.h">
      <Filter>소스 파일\01. MainUpdate</Filter>
    </ClInclude>
    <ClInclude Include="Object.h">
      <Filter>소스 파일\02. Object</Filter>
    </ClInclude>
    <ClInclude Include="Scene.h">
      <Filter>소스 파일\03. Scene</Filter>
    </ClInclude>
    <ClInclude Include="Logo.h">
      <Filter>소스 파일\03. Scene\Logo</Filter>
    </ClInclude>
    <ClInclude Include="Menu.h">
      <Filter>소스 파일\03. Scene\Menu</Filter>
    </ClInclude>
    <ClInclude Include="Stage.h">
      <Filter>소스 파일\03. Scene\Stage</Filter>
    </ClInclude>
    <ClInclude Include="Bullet.h">
      <Filter>소스 파일\02. Object\Bullet</Filter>
    </ClInclude>
    <ClInclude Include="Monster.h">
      <Filter>소스 파일\02. Object\Monster</Filter>
    </ClInclude>
    <ClInclude Include="Player.h">
      <Filter>소스 파일\02. Object\Player</Filter>
    </ClInclude>
    <ClInclude Include="InputManager.h">
      <Filter>소스 파일\99. Manager\InputManager</Filter>
    </ClInclude>
    <ClInclude Include="ObjectFactory.h">
      <Filter>소스 파일\99. Manager\ObjectFactory</Filter>
    </ClInclude>
    <ClInclude Include="ObjectManager.h">
      <Filter>소스 파일\99. Manager\ObjectManager</Filter>
    </ClInclude>
    <ClInclude Include="SceneManager.h">
      <Filter>소스 파일\99. Manager\SceneManager</Filter>
    </ClInclude>
    <ClInclude Include="DoubleBuffer.h">
      <Filter>소스 파일\99. Manager\DoubleBuffer</Filter>
    </ClInclude>
    <ClInclude Include="Wall.h">
      <Filter>소스 파일\02. Object\Wall</Filter>
    </ClInclude>
    <ClInclude Include="Portal.h">
      <Filter>소스 파일\02. Object\Portal</Filter>
    </ClInclude>
    <ClInclude Include="Clear.h">
      <Filter>소스 파일\03. Scene\Clear</Filter>
    </ClInclude>
    <ClInclude Include="Option.h">
      <Filter>소스 파일\03. Scene\Option</Filter>
    </ClInclude>
    <ClInclude Include="About.h">
      <Filter>소스 파일\03. Scene\About</Filter>
    </ClInclude>
    <ClInclude Include="Headers.h" />
    <ClInclude Include="Define.h">
      <Filter>헤더 파일\Include</Filter>
    </ClInclude>
    <ClInclude Include="Enum.h">
      <Filter>헤더 파일\Include</Filter>
    </ClInclude>
    <ClInclude Include="Struct.h">
      <Filter>헤더 파일\Include</Filter>
    </ClInclude>
  </ItemGroup>
</Project>